// !$*UTF8*$!
{
	archiveVersion = 1;
	classes = {
	};
	objectVersion = 77;
	objects = {

/* Begin PBXBuildFile section */
		370EA2A92DB7C303001466A3 /* ZapScreenShieldAction.appex in Embed Foundation Extensions */ = {isa = PBXBuildFile; fileRef = 370EA2A02DB7C303001466A3 /* ZapScreenShieldAction.appex */; settings = {ATTRIBUTES = (RemoveHeadersOnCopy, ); }; };
		370EA2CE2DB7C333001466A3 /* ZapScreenDeviceActivityMonitor.appex in Embed Foundation Extensions */ = {isa = PBXBuildFile; fileRef = 370EA2C52DB7C333001466A3 /* ZapScreenDeviceActivityMonitor.appex */; settings = {ATTRIBUTES = (RemoveHeadersOnCopy, ); }; };
		371304A22DB8E709008F1E71 /* ManagedSettings.framework in Frameworks */ = {isa = PBXBuildFile; fileRef = 370EA20E2DB25873001466A3 /* ManagedSettings.framework */; };
		371304A32DB8E709008F1E71 /* ManagedSettings.framework in Embed Frameworks */ = {isa = PBXBuildFile; fileRef = 370EA20E2DB25873001466A3 /* ManagedSettings.framework */; settings = {ATTRIBUTES = (RemoveHeadersOnCopy, ); }; };
		371304AA2DB8E712008F1E71 /* DeviceActivity.framework in Frameworks */ = {isa = PBXBuildFile; fileRef = 370EA2842DB7AA6C001466A3 /* DeviceActivity.framework */; };
		371304AB2DB8E712008F1E71 /* DeviceActivity.framework in Embed Frameworks */ = {isa = PBXBuildFile; fileRef = 370EA2842DB7AA6C001466A3 /* DeviceActivity.framework */; settings = {ATTRIBUTES = (RemoveHeadersOnCopy, ); }; };
		371304BB2DB9253D008F1E71 /* ZapScreenShieldConfiguration.appex in Embed Foundation Extensions */ = {isa = PBXBuildFile; fileRef = 371304B12DB9253D008F1E71 /* ZapScreenShieldConfiguration.appex */; settings = {ATTRIBUTES = (RemoveHeadersOnCopy, ); }; };
		3721C1602DB92FB600224280 /* ManagedSettings.framework in Frameworks */ = {isa = PBXBuildFile; fileRef = 370EA20E2DB25873001466A3 /* ManagedSettings.framework */; };
		3721C1612DB92FB600224280 /* ManagedSettings.framework in Embed Frameworks */ = {isa = PBXBuildFile; fileRef = 370EA20E2DB25873001466A3 /* ManagedSettings.framework */; settings = {ATTRIBUTES = (RemoveHeadersOnCopy, ); }; };
		3721C1632DB92FB700224280 /* ManagedSettingsUI.framework in Frameworks */ = {isa = PBXBuildFile; fileRef = 370EA2102DB25873001466A3 /* ManagedSettingsUI.framework */; };
		3721C1642DB92FB700224280 /* ManagedSettingsUI.framework in Embed Frameworks */ = {isa = PBXBuildFile; fileRef = 370EA2102DB25873001466A3 /* ManagedSettingsUI.framework */; settings = {ATTRIBUTES = (RemoveHeadersOnCopy, ); }; };
		378EE9012DE894CE00DE463F /* Auth in Frameworks */ = {isa = PBXBuildFile; productRef = 378EE9002DE894CE00DE463F /* Auth */; };
		378EE9032DE894CE00DE463F /* Functions in Frameworks */ = {isa = PBXBuildFile; productRef = 378EE9022DE894CE00DE463F /* Functions */; };
		378EE9052DE894CE00DE463F /* PostgREST in Frameworks */ = {isa = PBXBuildFile; productRef = 378EE9042DE894CE00DE463F /* PostgREST */; };
		378EE9072DE894CE00DE463F /* Realtime in Frameworks */ = {isa = PBXBuildFile; productRef = 378EE9062DE894CE00DE463F /* Realtime */; };
		378EE9092DE894CE00DE463F /* Storage in Frameworks */ = {isa = PBXBuildFile; productRef = 378EE9082DE894CE00DE463F /* Storage */; };
		378EE90B2DE894CE00DE463F /* Supabase in Frameworks */ = {isa = PBXBuildFile; productRef = 378EE90A2DE894CE00DE463F /* Supabase */; };
		379EEA0A2DE89D0200D9DFF7 /* Auth in Frameworks */ = {isa = PBXBuildFile; productRef = 379EEA092DE89D0200D9DFF7 /* Auth */; };
		379EEA0C2DE89D0200D9DFF7 /* Functions in Frameworks */ = {isa = PBXBuildFile; productRef = 379EEA0B2DE89D0200D9DFF7 /* Functions */; };
		379EEA0E2DE89D0200D9DFF7 /* PostgREST in Frameworks */ = {isa = PBXBuildFile; productRef = 379EEA0D2DE89D0200D9DFF7 /* PostgREST */; };
		379EEA102DE89D0200D9DFF7 /* Realtime in Frameworks */ = {isa = PBXBuildFile; productRef = 379EEA0F2DE89D0200D9DFF7 /* Realtime */; };
		379EEA122DE89D0200D9DFF7 /* Storage in Frameworks */ = {isa = PBXBuildFile; productRef = 379EEA112DE89D0200D9DFF7 /* Storage */; };
		379EEA142DE89D0200D9DFF7 /* Supabase in Frameworks */ = {isa = PBXBuildFile; productRef = 379EEA132DE89D0200D9DFF7 /* Supabase */; };
		379EEA162DE89D2200D9DFF7 /* Auth in Frameworks */ = {isa = PBXBuildFile; productRef = 379EEA152DE89D2200D9DFF7 /* Auth */; };
		379EEA182DE89D2200D9DFF7 /* Functions in Frameworks */ = {isa = PBXBuildFile; productRef = 379EEA172DE89D2200D9DFF7 /* Functions */; };
		379EEA1A2DE89D2200D9DFF7 /* PostgREST in Frameworks */ = {isa = PBXBuildFile; productRef = 379EEA192DE89D2200D9DFF7 /* PostgREST */; };
		379EEA1C2DE89D2200D9DFF7 /* Realtime in Frameworks */ = {isa = PBXBuildFile; productRef = 379EEA1B2DE89D2200D9DFF7 /* Realtime */; };
		379EEA1E2DE89D2200D9DFF7 /* Storage in Frameworks */ = {isa = PBXBuildFile; productRef = 379EEA1D2DE89D2200D9DFF7 /* Storage */; };
		379EEA202DE89D2200D9DFF7 /* Supabase in Frameworks */ = {isa = PBXBuildFile; productRef = 379EEA1F2DE89D2200D9DFF7 /* Supabase */; };
		379EEA222DE89D2900D9DFF7 /* Auth in Frameworks */ = {isa = PBXBuildFile; productRef = 379EEA212DE89D2900D9DFF7 /* Auth */; };
		379EEA242DE89D2900D9DFF7 /* Functions in Frameworks */ = {isa = PBXBuildFile; productRef = 379EEA232DE89D2900D9DFF7 /* Functions */; };
		379EEA262DE89D2900D9DFF7 /* PostgREST in Frameworks */ = {isa = PBXBuildFile; productRef = 379EEA252DE89D2900D9DFF7 /* PostgREST */; };
		379EEA282DE89D2900D9DFF7 /* Realtime in Frameworks */ = {isa = PBXBuildFile; productRef = 379EEA272DE89D2900D9DFF7 /* Realtime */; };
		379EEA2A2DE89D2900D9DFF7 /* Storage in Frameworks */ = {isa = PBXBuildFile; productRef = 379EEA292DE89D2900D9DFF7 /* Storage */; };
		379EEA2C2DE89D2900D9DFF7 /* Supabase in Frameworks */ = {isa = PBXBuildFile; productRef = 379EEA2B2DE89D2900D9DFF7 /* Supabase */; };
/* End PBXBuildFile section */

/* Begin PBXContainerItemProxy section */
		370EA2A72DB7C303001466A3 /* PBXContainerItemProxy */ = {
			isa = PBXContainerItemProxy;
			containerPortal = 370EA19C2DB1DB5D001466A3 /* Project object */;
			proxyType = 1;
			remoteGlobalIDString = 370EA29F2DB7C303001466A3;
			remoteInfo = ZapScreenShieldAction;
		};
		370EA2CC2DB7C333001466A3 /* PBXContainerItemProxy */ = {
			isa = PBXContainerItemProxy;
			containerPortal = 370EA19C2DB1DB5D001466A3 /* Project object */;
			proxyType = 1;
			remoteGlobalIDString = 370EA2C42DB7C333001466A3;
			remoteInfo = ZapScreenDeviceActivityMonitor;
		};
		371304B92DB9253D008F1E71 /* PBXContainerItemProxy */ = {
			isa = PBXContainerItemProxy;
			containerPortal = 370EA19C2DB1DB5D001466A3 /* Project object */;
			proxyType = 1;
			remoteGlobalIDString = 371304B02DB9253D008F1E71;
			remoteInfo = ZapScreenShieldConfiguration;
		};
/* End PBXContainerItemProxy section */

/* Begin PBXCopyFilesBuildPhase section */
		370EA2072DB25836001466A3 /* Embed ExtensionKit Extensions */ = {
			isa = PBXCopyFilesBuildPhase;
			buildActionMask = 2147483647;
			dstPath = "$(EXTENSIONS_FOLDER_PATH)";
			dstSubfolderSpec = 16;
			files = (
			);
			name = "Embed ExtensionKit Extensions";
			runOnlyForDeploymentPostprocessing = 0;
		};
		370EA21E2DB25873001466A3 /* Embed Foundation Extensions */ = {
			isa = PBXCopyFilesBuildPhase;
			buildActionMask = 2147483647;
			dstPath = "";
			dstSubfolderSpec = 13;
			files = (
				370EA2CE2DB7C333001466A3 /* ZapScreenDeviceActivityMonitor.appex in Embed Foundation Extensions */,
				371304BB2DB9253D008F1E71 /* ZapScreenShieldConfiguration.appex in Embed Foundation Extensions */,
				370EA2A92DB7C303001466A3 /* ZapScreenShieldAction.appex in Embed Foundation Extensions */,
			);
			name = "Embed Foundation Extensions";
			runOnlyForDeploymentPostprocessing = 0;
		};
		371304A42DB8E709008F1E71 /* Embed Frameworks */ = {
			isa = PBXCopyFilesBuildPhase;
			buildActionMask = 2147483647;
			dstPath = "";
			dstSubfolderSpec = 10;
			files = (
				371304A32DB8E709008F1E71 /* ManagedSettings.framework in Embed Frameworks */,
			);
			name = "Embed Frameworks";
			runOnlyForDeploymentPostprocessing = 0;
		};
		371304AC2DB8E712008F1E71 /* Embed Frameworks */ = {
			isa = PBXCopyFilesBuildPhase;
			buildActionMask = 2147483647;
			dstPath = "";
			dstSubfolderSpec = 10;
			files = (
				371304AB2DB8E712008F1E71 /* DeviceActivity.framework in Embed Frameworks */,
			);
			name = "Embed Frameworks";
			runOnlyForDeploymentPostprocessing = 0;
		};
		3721C1622DB92FB600224280 /* Embed Frameworks */ = {
			isa = PBXCopyFilesBuildPhase;
			buildActionMask = 2147483647;
			dstPath = "";
			dstSubfolderSpec = 10;
			files = (
				3721C1612DB92FB600224280 /* ManagedSettings.framework in Embed Frameworks */,
				3721C1642DB92FB700224280 /* ManagedSettingsUI.framework in Embed Frameworks */,
			);
			name = "Embed Frameworks";
			runOnlyForDeploymentPostprocessing = 0;
		};
/* End PBXCopyFilesBuildPhase section */

/* Begin PBXFileReference section */
		370EA1A42DB1DB5D001466A3 /* ZapScreen.app */ = {isa = PBXFileReference; explicitFileType = wrapper.application; includeInIndex = 0; path = ZapScreen.app; sourceTree = BUILT_PRODUCTS_DIR; };
		370EA20E2DB25873001466A3 /* ManagedSettings.framework */ = {isa = PBXFileReference; lastKnownFileType = wrapper.framework; name = ManagedSettings.framework; path = System/Library/Frameworks/ManagedSettings.framework; sourceTree = SDKROOT; };
		370EA2102DB25873001466A3 /* ManagedSettingsUI.framework */ = {isa = PBXFileReference; lastKnownFileType = wrapper.framework; name = ManagedSettingsUI.framework; path = System/Library/Frameworks/ManagedSettingsUI.framework; sourceTree = SDKROOT; };
		370EA2842DB7AA6C001466A3 /* DeviceActivity.framework */ = {isa = PBXFileReference; lastKnownFileType = wrapper.framework; name = DeviceActivity.framework; path = System/Library/Frameworks/DeviceActivity.framework; sourceTree = SDKROOT; };
		370EA2A02DB7C303001466A3 /* ZapScreenShieldAction.appex */ = {isa = PBXFileReference; explicitFileType = "wrapper.app-extension"; includeInIndex = 0; path = ZapScreenShieldAction.appex; sourceTree = BUILT_PRODUCTS_DIR; };
		370EA2C52DB7C333001466A3 /* ZapScreenDeviceActivityMonitor.appex */ = {isa = PBXFileReference; explicitFileType = "wrapper.app-extension"; includeInIndex = 0; path = ZapScreenDeviceActivityMonitor.appex; sourceTree = BUILT_PRODUCTS_DIR; };
		371304B12DB9253D008F1E71 /* ZapScreenShieldConfiguration.appex */ = {isa = PBXFileReference; explicitFileType = "wrapper.app-extension"; includeInIndex = 0; path = ZapScreenShieldConfiguration.appex; sourceTree = BUILT_PRODUCTS_DIR; };
/* End PBXFileReference section */

/* Begin PBXFileSystemSynchronizedBuildFileExceptionSet section */
		370EA2AA2DB7C303001466A3 /* Exceptions for "ZapScreenShieldAction" folder in "ZapScreenShieldAction" target */ = {
			isa = PBXFileSystemSynchronizedBuildFileExceptionSet;
			membershipExceptions = (
				Info.plist,
			);
			target = 370EA29F2DB7C303001466A3 /* ZapScreenShieldAction */;
		};
		370EA2CF2DB7C333001466A3 /* Exceptions for "ZapScreenDeviceActivityMonitor" folder in "ZapScreenDeviceActivityMonitor" target */ = {
			isa = PBXFileSystemSynchronizedBuildFileExceptionSet;
			membershipExceptions = (
				Info.plist,
			);
			target = 370EA2C42DB7C333001466A3 /* ZapScreenDeviceActivityMonitor */;
		};
		370EA2D62DB7C698001466A3 /* Exceptions for "ZapScreen" folder in "ZapScreenShieldAction" target */ = {
			isa = PBXFileSystemSynchronizedBuildFileExceptionSet;
			membershipExceptions = (
				Models/AppIconStore.swift,
				Models/ApplicationProfile.swift,
				Models/DataBase.swift,
				Models/ShieldManager.swift,
				Models/SupabaseManager.swift,
			);
			target = 370EA29F2DB7C303001466A3 /* ZapScreenShieldAction */;
		};
		370EA2D82DB7C698001466A3 /* Exceptions for "ZapScreen" folder in "ZapScreenDeviceActivityMonitor" target */ = {
			isa = PBXFileSystemSynchronizedBuildFileExceptionSet;
			membershipExceptions = (
				Models/AppIconStore.swift,
				Models/ApplicationProfile.swift,
				Models/DataBase.swift,
				Models/ShieldManager.swift,
				Models/SupabaseManager.swift,
			);
			target = 370EA2C42DB7C333001466A3 /* ZapScreenDeviceActivityMonitor */;
		};
		371304BF2DB9253D008F1E71 /* Exceptions for "ZapScreenShieldConfiguration" folder in "ZapScreenShieldConfiguration" target */ = {
			isa = PBXFileSystemSynchronizedBuildFileExceptionSet;
			membershipExceptions = (
				Info.plist,
			);
			target = 371304B02DB9253D008F1E71 /* ZapScreenShieldConfiguration */;
		};
		371304C12DB92A6D008F1E71 /* Exceptions for "ZapScreen" folder in "ZapScreenShieldConfiguration" target */ = {
			isa = PBXFileSystemSynchronizedBuildFileExceptionSet;
			membershipExceptions = (
				Models/AppIconStore.swift,
				Models/ApplicationProfile.swift,
				Models/DataBase.swift,
				Models/ShieldManager.swift,
				Models/SupabaseManager.swift,
			);
			target = 371304B02DB9253D008F1E71 /* ZapScreenShieldConfiguration */;
		};
		37FFC5102DB88EAC00FCC13A /* Exceptions for "ZapScreen" folder in "ZapScreen" target */ = {
			isa = PBXFileSystemSynchronizedBuildFileExceptionSet;
			membershipExceptions = (
				"ZapScreen-Info.plist",
			);
			target = 370EA1A32DB1DB5D001466A3 /* ZapScreen */;
		};
/* End PBXFileSystemSynchronizedBuildFileExceptionSet section */

/* Begin PBXFileSystemSynchronizedRootGroup section */
		370EA1A62DB1DB5D001466A3 /* ZapScreen */ = {
			isa = PBXFileSystemSynchronizedRootGroup;
			exceptions = (
				37FFC5102DB88EAC00FCC13A /* Exceptions for "ZapScreen" folder in "ZapScreen" target */,
				370EA2D62DB7C698001466A3 /* Exceptions for "ZapScreen" folder in "ZapScreenShieldAction" target */,
				371304C12DB92A6D008F1E71 /* Exceptions for "ZapScreen" folder in "ZapScreenShieldConfiguration" target */,
				370EA2D82DB7C698001466A3 /* Exceptions for "ZapScreen" folder in "ZapScreenDeviceActivityMonitor" target */,
			);
			path = ZapScreen;
			sourceTree = "<group>";
		};
		370EA2A22DB7C303001466A3 /* ZapScreenShieldAction */ = {
			isa = PBXFileSystemSynchronizedRootGroup;
			exceptions = (
				370EA2AA2DB7C303001466A3 /* Exceptions for "ZapScreenShieldAction" folder in "ZapScreenShieldAction" target */,
			);
			path = ZapScreenShieldAction;
			sourceTree = "<group>";
		};
		370EA2C72DB7C333001466A3 /* ZapScreenDeviceActivityMonitor */ = {
			isa = PBXFileSystemSynchronizedRootGroup;
			exceptions = (
				370EA2CF2DB7C333001466A3 /* Exceptions for "ZapScreenDeviceActivityMonitor" folder in "ZapScreenDeviceActivityMonitor" target */,
			);
			path = ZapScreenDeviceActivityMonitor;
			sourceTree = "<group>";
		};
		371304B42DB9253D008F1E71 /* ZapScreenShieldConfiguration */ = {
			isa = PBXFileSystemSynchronizedRootGroup;
			exceptions = (
				371304BF2DB9253D008F1E71 /* Exceptions for "ZapScreenShieldConfiguration" folder in "ZapScreenShieldConfiguration" target */,
			);
			path = ZapScreenShieldConfiguration;
			sourceTree = "<group>";
		};
/* End PBXFileSystemSynchronizedRootGroup section */

/* Begin PBXFrameworksBuildPhase section */
		370EA1A12DB1DB5D001466A3 /* Frameworks */ = {
			isa = PBXFrameworksBuildPhase;
			buildActionMask = 2147483647;
			files = (
				378EE9052DE894CE00DE463F /* PostgREST in Frameworks */,
				378EE9032DE894CE00DE463F /* Functions in Frameworks */,
				378EE90B2DE894CE00DE463F /* Supabase in Frameworks */,
				378EE9012DE894CE00DE463F /* Auth in Frameworks */,
				378EE9092DE894CE00DE463F /* Storage in Frameworks */,
				378EE9072DE894CE00DE463F /* Realtime in Frameworks */,
			);
			runOnlyForDeploymentPostprocessing = 0;
		};
		370EA29D2DB7C303001466A3 /* Frameworks */ = {
			isa = PBXFrameworksBuildPhase;
			buildActionMask = 2147483647;
			files = (
				379EEA142DE89D0200D9DFF7 /* Supabase in Frameworks */,
				379EEA122DE89D0200D9DFF7 /* Storage in Frameworks */,
				379EEA0E2DE89D0200D9DFF7 /* PostgREST in Frameworks */,
				379EEA0C2DE89D0200D9DFF7 /* Functions in Frameworks */,
				379EEA0A2DE89D0200D9DFF7 /* Auth in Frameworks */,
				379EEA102DE89D0200D9DFF7 /* Realtime in Frameworks */,
				371304A22DB8E709008F1E71 /* ManagedSettings.framework in Frameworks */,
			);
			runOnlyForDeploymentPostprocessing = 0;
		};
		370EA2C22DB7C333001466A3 /* Frameworks */ = {
			isa = PBXFrameworksBuildPhase;
			buildActionMask = 2147483647;
			files = (
				379EEA2C2DE89D2900D9DFF7 /* Supabase in Frameworks */,
				379EEA2A2DE89D2900D9DFF7 /* Storage in Frameworks */,
				379EEA262DE89D2900D9DFF7 /* PostgREST in Frameworks */,
				379EEA242DE89D2900D9DFF7 /* Functions in Frameworks */,
				379EEA222DE89D2900D9DFF7 /* Auth in Frameworks */,
				379EEA282DE89D2900D9DFF7 /* Realtime in Frameworks */,
				371304AA2DB8E712008F1E71 /* DeviceActivity.framework in Frameworks */,
			);
			runOnlyForDeploymentPostprocessing = 0;
		};
		371304AE2DB9253D008F1E71 /* Frameworks */ = {
			isa = PBXFrameworksBuildPhase;
			buildActionMask = 2147483647;
			files = (
				3721C1602DB92FB600224280 /* ManagedSettings.framework in Frameworks */,
				3721C1632DB92FB700224280 /* ManagedSettingsUI.framework in Frameworks */,
				379EEA1E2DE89D2200D9DFF7 /* Storage in Frameworks */,
				379EEA182DE89D2200D9DFF7 /* Functions in Frameworks */,
				379EEA202DE89D2200D9DFF7 /* Supabase in Frameworks */,
				379EEA1C2DE89D2200D9DFF7 /* Realtime in Frameworks */,
				379EEA162DE89D2200D9DFF7 /* Auth in Frameworks */,
				379EEA1A2DE89D2200D9DFF7 /* PostgREST in Frameworks */,
			);
			runOnlyForDeploymentPostprocessing = 0;
		};
/* End PBXFrameworksBuildPhase section */

/* Begin PBXGroup section */
		370EA19B2DB1DB5D001466A3 = {
			isa = PBXGroup;
			children = (
				370EA1A62DB1DB5D001466A3 /* ZapScreen */,
				370EA2A22DB7C303001466A3 /* ZapScreenShieldAction */,
				370EA2C72DB7C333001466A3 /* ZapScreenDeviceActivityMonitor */,
				371304B42DB9253D008F1E71 /* ZapScreenShieldConfiguration */,
				370EA20D2DB25873001466A3 /* Frameworks */,
				370EA1A52DB1DB5D001466A3 /* Products */,
			);
			sourceTree = "<group>";
		};
		370EA1A52DB1DB5D001466A3 /* Products */ = {
			isa = PBXGroup;
			children = (
				370EA1A42DB1DB5D001466A3 /* ZapScreen.app */,
				370EA2A02DB7C303001466A3 /* ZapScreenShieldAction.appex */,
				370EA2C52DB7C333001466A3 /* ZapScreenDeviceActivityMonitor.appex */,
				371304B12DB9253D008F1E71 /* ZapScreenShieldConfiguration.appex */,
			);
			name = Products;
			sourceTree = "<group>";
		};
		370EA20D2DB25873001466A3 /* Frameworks */ = {
			isa = PBXGroup;
			children = (
				370EA20E2DB25873001466A3 /* ManagedSettings.framework */,
				370EA2102DB25873001466A3 /* ManagedSettingsUI.framework */,
				370EA2842DB7AA6C001466A3 /* DeviceActivity.framework */,
			);
			name = Frameworks;
			sourceTree = "<group>";
		};
/* End PBXGroup section */

/* Begin PBXNativeTarget section */
		370EA1A32DB1DB5D001466A3 /* ZapScreen */ = {
			isa = PBXNativeTarget;
			buildConfigurationList = 370EA1B22DB1DB5E001466A3 /* Build configuration list for PBXNativeTarget "ZapScreen" */;
			buildPhases = (
				370EA1A02DB1DB5D001466A3 /* Sources */,
				370EA1A12DB1DB5D001466A3 /* Frameworks */,
				370EA1A22DB1DB5D001466A3 /* Resources */,
				370EA2072DB25836001466A3 /* Embed ExtensionKit Extensions */,
				370EA21E2DB25873001466A3 /* Embed Foundation Extensions */,
			);
			buildRules = (
			);
			dependencies = (
				370EA2A82DB7C303001466A3 /* PBXTargetDependency */,
				370EA2CD2DB7C333001466A3 /* PBXTargetDependency */,
				371304BA2DB9253D008F1E71 /* PBXTargetDependency */,
			);
			fileSystemSynchronizedGroups = (
				370EA1A62DB1DB5D001466A3 /* ZapScreen */,
			);
			name = ZapScreen;
			packageProductDependencies = (
				378EE9002DE894CE00DE463F /* Auth */,
				378EE9022DE894CE00DE463F /* Functions */,
				378EE9042DE894CE00DE463F /* PostgREST */,
				378EE9062DE894CE00DE463F /* Realtime */,
				378EE9082DE894CE00DE463F /* Storage */,
				378EE90A2DE894CE00DE463F /* Supabase */,
			);
			productName = ZapScreen;
			productReference = 370EA1A42DB1DB5D001466A3 /* ZapScreen.app */;
			productType = "com.apple.product-type.application";
		};
		370EA29F2DB7C303001466A3 /* ZapScreenShieldAction */ = {
			isa = PBXNativeTarget;
			buildConfigurationList = 370EA2AB2DB7C303001466A3 /* Build configuration list for PBXNativeTarget "ZapScreenShieldAction" */;
			buildPhases = (
				370EA29C2DB7C303001466A3 /* Sources */,
				370EA29D2DB7C303001466A3 /* Frameworks */,
				370EA29E2DB7C303001466A3 /* Resources */,
				371304A42DB8E709008F1E71 /* Embed Frameworks */,
			);
			buildRules = (
			);
			dependencies = (
			);
			fileSystemSynchronizedGroups = (
				370EA2A22DB7C303001466A3 /* ZapScreenShieldAction */,
			);
			name = ZapScreenShieldAction;
			packageProductDependencies = (
				379EEA092DE89D0200D9DFF7 /* Auth */,
				379EEA0B2DE89D0200D9DFF7 /* Functions */,
				379EEA0D2DE89D0200D9DFF7 /* PostgREST */,
				379EEA0F2DE89D0200D9DFF7 /* Realtime */,
				379EEA112DE89D0200D9DFF7 /* Storage */,
				379EEA132DE89D0200D9DFF7 /* Supabase */,
			);
			productName = ZapScreenShieldAction;
			productReference = 370EA2A02DB7C303001466A3 /* ZapScreenShieldAction.appex */;
			productType = "com.apple.product-type.app-extension";
		};
		370EA2C42DB7C333001466A3 /* ZapScreenDeviceActivityMonitor */ = {
			isa = PBXNativeTarget;
			buildConfigurationList = 370EA2D02DB7C333001466A3 /* Build configuration list for PBXNativeTarget "ZapScreenDeviceActivityMonitor" */;
			buildPhases = (
				370EA2C12DB7C333001466A3 /* Sources */,
				370EA2C22DB7C333001466A3 /* Frameworks */,
				370EA2C32DB7C333001466A3 /* Resources */,
				371304AC2DB8E712008F1E71 /* Embed Frameworks */,
			);
			buildRules = (
			);
			dependencies = (
			);
			fileSystemSynchronizedGroups = (
				370EA2C72DB7C333001466A3 /* ZapScreenDeviceActivityMonitor */,
			);
			name = ZapScreenDeviceActivityMonitor;
			packageProductDependencies = (
				379EEA212DE89D2900D9DFF7 /* Auth */,
				379EEA232DE89D2900D9DFF7 /* Functions */,
				379EEA252DE89D2900D9DFF7 /* PostgREST */,
				379EEA272DE89D2900D9DFF7 /* Realtime */,
				379EEA292DE89D2900D9DFF7 /* Storage */,
				379EEA2B2DE89D2900D9DFF7 /* Supabase */,
			);
			productName = ZapScreenDeviceActivityMonitor;
			productReference = 370EA2C52DB7C333001466A3 /* ZapScreenDeviceActivityMonitor.appex */;
			productType = "com.apple.product-type.app-extension";
		};
		371304B02DB9253D008F1E71 /* ZapScreenShieldConfiguration */ = {
			isa = PBXNativeTarget;
			buildConfigurationList = 371304BC2DB9253D008F1E71 /* Build configuration list for PBXNativeTarget "ZapScreenShieldConfiguration" */;
			buildPhases = (
				371304AD2DB9253D008F1E71 /* Sources */,
				371304AE2DB9253D008F1E71 /* Frameworks */,
				371304AF2DB9253D008F1E71 /* Resources */,
				3721C1622DB92FB600224280 /* Embed Frameworks */,
			);
			buildRules = (
			);
			dependencies = (
			);
			fileSystemSynchronizedGroups = (
				371304B42DB9253D008F1E71 /* ZapScreenShieldConfiguration */,
			);
			name = ZapScreenShieldConfiguration;
			packageProductDependencies = (
				379EEA152DE89D2200D9DFF7 /* Auth */,
				379EEA172DE89D2200D9DFF7 /* Functions */,
				379EEA192DE89D2200D9DFF7 /* PostgREST */,
				379EEA1B2DE89D2200D9DFF7 /* Realtime */,
				379EEA1D2DE89D2200D9DFF7 /* Storage */,
				379EEA1F2DE89D2200D9DFF7 /* Supabase */,
			);
			productName = ZapScreenShieldConfiguration;
			productReference = 371304B12DB9253D008F1E71 /* ZapScreenShieldConfiguration.appex */;
			productType = "com.apple.product-type.app-extension";
		};
/* End PBXNativeTarget section */

/* Begin PBXProject section */
		370EA19C2DB1DB5D001466A3 /* Project object */ = {
			isa = PBXProject;
			attributes = {
				BuildIndependentTargetsInParallel = 1;
				LastSwiftUpdateCheck = 1620;
				LastUpgradeCheck = 1620;
				TargetAttributes = {
					370EA1A32DB1DB5D001466A3 = {
						CreatedOnToolsVersion = 16.2;
					};
					370EA29F2DB7C303001466A3 = {
						CreatedOnToolsVersion = 16.2;
					};
					370EA2C42DB7C333001466A3 = {
						CreatedOnToolsVersion = 16.2;
					};
					371304B02DB9253D008F1E71 = {
						CreatedOnToolsVersion = 16.2;
					};
				};
			};
			buildConfigurationList = 370EA19F2DB1DB5D001466A3 /* Build configuration list for PBXProject "ZapScreen" */;
			developmentRegion = en;
			hasScannedForEncodings = 0;
			knownRegions = (
				en,
				Base,
			);
			mainGroup = 370EA19B2DB1DB5D001466A3;
			minimizedProjectReferenceProxies = 1;
			packageReferences = (
				378EE8FF2DE894CE00DE463F /* XCRemoteSwiftPackageReference "supabase-swift" */,
			);
			preferredProjectObjectVersion = 77;
			productRefGroup = 370EA1A52DB1DB5D001466A3 /* Products */;
			projectDirPath = "";
			projectRoot = "";
			targets = (
				370EA1A32DB1DB5D001466A3 /* ZapScreen */,
				370EA29F2DB7C303001466A3 /* ZapScreenShieldAction */,
				371304B02DB9253D008F1E71 /* ZapScreenShieldConfiguration */,
				370EA2C42DB7C333001466A3 /* ZapScreenDeviceActivityMonitor */,
			);
		};
/* End PBXProject section */

/* Begin PBXResourcesBuildPhase section */
		370EA1A22DB1DB5D001466A3 /* Resources */ = {
			isa = PBXResourcesBuildPhase;
			buildActionMask = 2147483647;
			files = (
			);
			runOnlyForDeploymentPostprocessing = 0;
		};
		370EA29E2DB7C303001466A3 /* Resources */ = {
			isa = PBXResourcesBuildPhase;
			buildActionMask = 2147483647;
			files = (
			);
			runOnlyForDeploymentPostprocessing = 0;
		};
		370EA2C32DB7C333001466A3 /* Resources */ = {
			isa = PBXResourcesBuildPhase;
			buildActionMask = 2147483647;
			files = (
			);
			runOnlyForDeploymentPostprocessing = 0;
		};
		371304AF2DB9253D008F1E71 /* Resources */ = {
			isa = PBXResourcesBuildPhase;
			buildActionMask = 2147483647;
			files = (
			);
			runOnlyForDeploymentPostprocessing = 0;
		};
/* End PBXResourcesBuildPhase section */

/* Begin PBXSourcesBuildPhase section */
		370EA1A02DB1DB5D001466A3 /* Sources */ = {
			isa = PBXSourcesBuildPhase;
			buildActionMask = 2147483647;
			files = (
			);
			runOnlyForDeploymentPostprocessing = 0;
		};
		370EA29C2DB7C303001466A3 /* Sources */ = {
			isa = PBXSourcesBuildPhase;
			buildActionMask = 2147483647;
			files = (
			);
			runOnlyForDeploymentPostprocessing = 0;
		};
		370EA2C12DB7C333001466A3 /* Sources */ = {
			isa = PBXSourcesBuildPhase;
			buildActionMask = 2147483647;
			files = (
			);
			runOnlyForDeploymentPostprocessing = 0;
		};
		371304AD2DB9253D008F1E71 /* Sources */ = {
			isa = PBXSourcesBuildPhase;
			buildActionMask = 2147483647;
			files = (
			);
			runOnlyForDeploymentPostprocessing = 0;
		};
/* End PBXSourcesBuildPhase section */

/* Begin PBXTargetDependency section */
		370EA2A82DB7C303001466A3 /* PBXTargetDependency */ = {
			isa = PBXTargetDependency;
			target = 370EA29F2DB7C303001466A3 /* ZapScreenShieldAction */;
			targetProxy = 370EA2A72DB7C303001466A3 /* PBXContainerItemProxy */;
		};
		370EA2CD2DB7C333001466A3 /* PBXTargetDependency */ = {
			isa = PBXTargetDependency;
			target = 370EA2C42DB7C333001466A3 /* ZapScreenDeviceActivityMonitor */;
			targetProxy = 370EA2CC2DB7C333001466A3 /* PBXContainerItemProxy */;
		};
		371304BA2DB9253D008F1E71 /* PBXTargetDependency */ = {
			isa = PBXTargetDependency;
			target = 371304B02DB9253D008F1E71 /* ZapScreenShieldConfiguration */;
			targetProxy = 371304B92DB9253D008F1E71 /* PBXContainerItemProxy */;
		};
/* End PBXTargetDependency section */

/* Begin XCBuildConfiguration section */
		370EA1B02DB1DB5E001466A3 /* Debug */ = {
			isa = XCBuildConfiguration;
			buildSettings = {
				ALWAYS_SEARCH_USER_PATHS = NO;
				ASSETCATALOG_COMPILER_GENERATE_SWIFT_ASSET_SYMBOL_EXTENSIONS = YES;
				CLANG_ANALYZER_NONNULL = YES;
				CLANG_ANALYZER_NUMBER_OBJECT_CONVERSION = YES_AGGRESSIVE;
				CLANG_CXX_LANGUAGE_STANDARD = "gnu++20";
				CLANG_ENABLE_MODULES = YES;
				CLANG_ENABLE_OBJC_ARC = YES;
				CLANG_ENABLE_OBJC_WEAK = YES;
				CLANG_WARN_BLOCK_CAPTURE_AUTORELEASING = YES;
				CLANG_WARN_BOOL_CONVERSION = YES;
				CLANG_WARN_COMMA = YES;
				CLANG_WARN_CONSTANT_CONVERSION = YES;
				CLANG_WARN_DEPRECATED_OBJC_IMPLEMENTATIONS = YES;
				CLANG_WARN_DIRECT_OBJC_ISA_USAGE = YES_ERROR;
				CLANG_WARN_DOCUMENTATION_COMMENTS = YES;
				CLANG_WARN_EMPTY_BODY = YES;
				CLANG_WARN_ENUM_CONVERSION = YES;
				CLANG_WARN_INFINITE_RECURSION = YES;
				CLANG_WARN_INT_CONVERSION = YES;
				CLANG_WARN_NON_LITERAL_NULL_CONVERSION = YES;
				CLANG_WARN_OBJC_IMPLICIT_RETAIN_SELF = YES;
				CLANG_WARN_OBJC_LITERAL_CONVERSION = YES;
				CLANG_WARN_OBJC_ROOT_CLASS = YES_ERROR;
				CLANG_WARN_QUOTED_INCLUDE_IN_FRAMEWORK_HEADER = YES;
				CLANG_WARN_RANGE_LOOP_ANALYSIS = YES;
				CLANG_WARN_STRICT_PROTOTYPES = YES;
				CLANG_WARN_SUSPICIOUS_MOVE = YES;
				CLANG_WARN_UNGUARDED_AVAILABILITY = YES_AGGRESSIVE;
				CLANG_WARN_UNREACHABLE_CODE = YES;
				CLANG_WARN__DUPLICATE_METHOD_MATCH = YES;
				COPY_PHASE_STRIP = NO;
				DEBUG_INFORMATION_FORMAT = dwarf;
				ENABLE_STRICT_OBJC_MSGSEND = YES;
				ENABLE_TESTABILITY = YES;
				ENABLE_USER_SCRIPT_SANDBOXING = YES;
				GCC_C_LANGUAGE_STANDARD = gnu17;
				GCC_DYNAMIC_NO_PIC = NO;
				GCC_NO_COMMON_BLOCKS = YES;
				GCC_OPTIMIZATION_LEVEL = 0;
				GCC_PREPROCESSOR_DEFINITIONS = (
					"DEBUG=1",
					"$(inherited)",
				);
				GCC_WARN_64_TO_32_BIT_CONVERSION = YES;
				GCC_WARN_ABOUT_RETURN_TYPE = YES_ERROR;
				GCC_WARN_UNDECLARED_SELECTOR = YES;
				GCC_WARN_UNINITIALIZED_AUTOS = YES_AGGRESSIVE;
				GCC_WARN_UNUSED_FUNCTION = YES;
				GCC_WARN_UNUSED_VARIABLE = YES;
				IPHONEOS_DEPLOYMENT_TARGET = 18.0;
				LOCALIZATION_PREFERS_STRING_CATALOGS = YES;
				MTL_ENABLE_DEBUG_INFO = INCLUDE_SOURCE;
				MTL_FAST_MATH = YES;
				ONLY_ACTIVE_ARCH = YES;
				SDKROOT = iphoneos;
				SWIFT_ACTIVE_COMPILATION_CONDITIONS = "DEBUG $(inherited)";
				SWIFT_OPTIMIZATION_LEVEL = "-Onone";
			};
			name = Debug;
		};
		370EA1B12DB1DB5E001466A3 /* Release */ = {
			isa = XCBuildConfiguration;
			buildSettings = {
				ALWAYS_SEARCH_USER_PATHS = NO;
				ASSETCATALOG_COMPILER_GENERATE_SWIFT_ASSET_SYMBOL_EXTENSIONS = YES;
				CLANG_ANALYZER_NONNULL = YES;
				CLANG_ANALYZER_NUMBER_OBJECT_CONVERSION = YES_AGGRESSIVE;
				CLANG_CXX_LANGUAGE_STANDARD = "gnu++20";
				CLANG_ENABLE_MODULES = YES;
				CLANG_ENABLE_OBJC_ARC = YES;
				CLANG_ENABLE_OBJC_WEAK = YES;
				CLANG_WARN_BLOCK_CAPTURE_AUTORELEASING = YES;
				CLANG_WARN_BOOL_CONVERSION = YES;
				CLANG_WARN_COMMA = YES;
				CLANG_WARN_CONSTANT_CONVERSION = YES;
				CLANG_WARN_DEPRECATED_OBJC_IMPLEMENTATIONS = YES;
				CLANG_WARN_DIRECT_OBJC_ISA_USAGE = YES_ERROR;
				CLANG_WARN_DOCUMENTATION_COMMENTS = YES;
				CLANG_WARN_EMPTY_BODY = YES;
				CLANG_WARN_ENUM_CONVERSION = YES;
				CLANG_WARN_INFINITE_RECURSION = YES;
				CLANG_WARN_INT_CONVERSION = YES;
				CLANG_WARN_NON_LITERAL_NULL_CONVERSION = YES;
				CLANG_WARN_OBJC_IMPLICIT_RETAIN_SELF = YES;
				CLANG_WARN_OBJC_LITERAL_CONVERSION = YES;
				CLANG_WARN_OBJC_ROOT_CLASS = YES_ERROR;
				CLANG_WARN_QUOTED_INCLUDE_IN_FRAMEWORK_HEADER = YES;
				CLANG_WARN_RANGE_LOOP_ANALYSIS = YES;
				CLANG_WARN_STRICT_PROTOTYPES = YES;
				CLANG_WARN_SUSPICIOUS_MOVE = YES;
				CLANG_WARN_UNGUARDED_AVAILABILITY = YES_AGGRESSIVE;
				CLANG_WARN_UNREACHABLE_CODE = YES;
				CLANG_WARN__DUPLICATE_METHOD_MATCH = YES;
				COPY_PHASE_STRIP = NO;
				DEBUG_INFORMATION_FORMAT = "dwarf-with-dsym";
				ENABLE_NS_ASSERTIONS = NO;
				ENABLE_STRICT_OBJC_MSGSEND = YES;
				ENABLE_USER_SCRIPT_SANDBOXING = YES;
				GCC_C_LANGUAGE_STANDARD = gnu17;
				GCC_NO_COMMON_BLOCKS = YES;
				GCC_WARN_64_TO_32_BIT_CONVERSION = YES;
				GCC_WARN_ABOUT_RETURN_TYPE = YES_ERROR;
				GCC_WARN_UNDECLARED_SELECTOR = YES;
				GCC_WARN_UNINITIALIZED_AUTOS = YES_AGGRESSIVE;
				GCC_WARN_UNUSED_FUNCTION = YES;
				GCC_WARN_UNUSED_VARIABLE = YES;
				IPHONEOS_DEPLOYMENT_TARGET = 18.0;
				LOCALIZATION_PREFERS_STRING_CATALOGS = YES;
				MTL_ENABLE_DEBUG_INFO = NO;
				MTL_FAST_MATH = YES;
				SDKROOT = iphoneos;
				SWIFT_COMPILATION_MODE = wholemodule;
				VALIDATE_PRODUCT = YES;
			};
			name = Release;
		};
		370EA1B32DB1DB5E001466A3 /* Debug */ = {
			isa = XCBuildConfiguration;
			buildSettings = {
				ASSETCATALOG_COMPILER_APPICON_NAME = AppIcon;
				ASSETCATALOG_COMPILER_GLOBAL_ACCENT_COLOR_NAME = AccentColor;
				CODE_SIGN_ENTITLEMENTS = ZapScreen/ZapScreen.entitlements;
				CODE_SIGN_STYLE = Automatic;
				CURRENT_PROJECT_VERSION = 1;
				DEVELOPMENT_ASSET_PATHS = "\"ZapScreen/Preview Content\"";
				DEVELOPMENT_TEAM = HMN5RUX388;
				ENABLE_PREVIEWS = YES;
				GENERATE_INFOPLIST_FILE = YES;
				INFOPLIST_FILE = "ZapScreen/ZapScreen-Info.plist";
				INFOPLIST_KEY_UIApplicationSceneManifest_Generation = YES;
				INFOPLIST_KEY_UIApplicationSupportsIndirectInputEvents = YES;
				INFOPLIST_KEY_UILaunchScreen_Generation = YES;
				INFOPLIST_KEY_UISupportedInterfaceOrientations_iPad = "UIInterfaceOrientationPortrait UIInterfaceOrientationPortraitUpsideDown UIInterfaceOrientationLandscapeLeft UIInterfaceOrientationLandscapeRight";
				INFOPLIST_KEY_UISupportedInterfaceOrientations_iPhone = "UIInterfaceOrientationPortrait UIInterfaceOrientationLandscapeLeft UIInterfaceOrientationLandscapeRight";
				IPHONEOS_DEPLOYMENT_TARGET = 18.0;
				LD_RUNPATH_SEARCH_PATHS = (
					"$(inherited)",
					"@executable_path/Frameworks",
				);
				MARKETING_VERSION = 1.0;
				PRODUCT_BUNDLE_IDENTIFIER = com.ntt.ZapScreen;
				PRODUCT_NAME = "$(TARGET_NAME)";
				SWIFT_EMIT_LOC_STRINGS = YES;
				SWIFT_VERSION = 5.0;
				TARGETED_DEVICE_FAMILY = "1,2";
			};
			name = Debug;
		};
		370EA1B42DB1DB5E001466A3 /* Release */ = {
			isa = XCBuildConfiguration;
			buildSettings = {
				ASSETCATALOG_COMPILER_APPICON_NAME = AppIcon;
				ASSETCATALOG_COMPILER_GLOBAL_ACCENT_COLOR_NAME = AccentColor;
				CODE_SIGN_ENTITLEMENTS = ZapScreen/ZapScreen.entitlements;
				CODE_SIGN_STYLE = Automatic;
				CURRENT_PROJECT_VERSION = 1;
				DEVELOPMENT_ASSET_PATHS = "\"ZapScreen/Preview Content\"";
				DEVELOPMENT_TEAM = HMN5RUX388;
				ENABLE_PREVIEWS = YES;
				GENERATE_INFOPLIST_FILE = YES;
				INFOPLIST_FILE = "ZapScreen/ZapScreen-Info.plist";
				INFOPLIST_KEY_UIApplicationSceneManifest_Generation = YES;
				INFOPLIST_KEY_UIApplicationSupportsIndirectInputEvents = YES;
				INFOPLIST_KEY_UILaunchScreen_Generation = YES;
				INFOPLIST_KEY_UISupportedInterfaceOrientations_iPad = "UIInterfaceOrientationPortrait UIInterfaceOrientationPortraitUpsideDown UIInterfaceOrientationLandscapeLeft UIInterfaceOrientationLandscapeRight";
				INFOPLIST_KEY_UISupportedInterfaceOrientations_iPhone = "UIInterfaceOrientationPortrait UIInterfaceOrientationLandscapeLeft UIInterfaceOrientationLandscapeRight";
				IPHONEOS_DEPLOYMENT_TARGET = 18.0;
				LD_RUNPATH_SEARCH_PATHS = (
					"$(inherited)",
					"@executable_path/Frameworks",
				);
				MARKETING_VERSION = 1.0;
				PRODUCT_BUNDLE_IDENTIFIER = com.ntt.ZapScreen;
				PRODUCT_NAME = "$(TARGET_NAME)";
				SWIFT_EMIT_LOC_STRINGS = YES;
				SWIFT_VERSION = 5.0;
				TARGETED_DEVICE_FAMILY = "1,2";
			};
			name = Release;
		};
		370EA2AC2DB7C303001466A3 /* Debug */ = {
			isa = XCBuildConfiguration;
			buildSettings = {
				CODE_SIGN_ENTITLEMENTS = ZapScreenShieldAction/ZapScreenShieldAction.entitlements;
				CODE_SIGN_STYLE = Automatic;
				CURRENT_PROJECT_VERSION = 1;
				DEVELOPMENT_TEAM = HMN5RUX388;
				GENERATE_INFOPLIST_FILE = YES;
				INFOPLIST_FILE = ZapScreenShieldAction/Info.plist;
				INFOPLIST_KEY_CFBundleDisplayName = ZapScreenShieldAction;
				INFOPLIST_KEY_NSHumanReadableCopyright = "";
				IPHONEOS_DEPLOYMENT_TARGET = 18.0;
				LD_RUNPATH_SEARCH_PATHS = (
					"$(inherited)",
					"@executable_path/Frameworks",
					"@executable_path/../../Frameworks",
				);
				MARKETING_VERSION = 1.0;
				PRODUCT_BUNDLE_IDENTIFIER = com.ntt.ZapScreen.ZapScreenShieldAction;
				PRODUCT_NAME = "$(TARGET_NAME)";
				SKIP_INSTALL = YES;
				SWIFT_EMIT_LOC_STRINGS = YES;
				SWIFT_VERSION = 5.0;
				TARGETED_DEVICE_FAMILY = "1,2";
			};
			name = Debug;
		};
		370EA2AD2DB7C303001466A3 /* Release */ = {
			isa = XCBuildConfiguration;
			buildSettings = {
				CODE_SIGN_ENTITLEMENTS = ZapScreenShieldAction/ZapScreenShieldAction.entitlements;
				CODE_SIGN_STYLE = Automatic;
				CURRENT_PROJECT_VERSION = 1;
				DEVELOPMENT_TEAM = HMN5RUX388;
				GENERATE_INFOPLIST_FILE = YES;
				INFOPLIST_FILE = ZapScreenShieldAction/Info.plist;
				INFOPLIST_KEY_CFBundleDisplayName = ZapScreenShieldAction;
				INFOPLIST_KEY_NSHumanReadableCopyright = "";
				IPHONEOS_DEPLOYMENT_TARGET = 18.0;
				LD_RUNPATH_SEARCH_PATHS = (
					"$(inherited)",
					"@executable_path/Frameworks",
					"@executable_path/../../Frameworks",
				);
				MARKETING_VERSION = 1.0;
				PRODUCT_BUNDLE_IDENTIFIER = com.ntt.ZapScreen.ZapScreenShieldAction;
				PRODUCT_NAME = "$(TARGET_NAME)";
				SKIP_INSTALL = YES;
				SWIFT_EMIT_LOC_STRINGS = YES;
				SWIFT_VERSION = 5.0;
				TARGETED_DEVICE_FAMILY = "1,2";
			};
			name = Release;
		};
		370EA2D12DB7C333001466A3 /* Debug */ = {
			isa = XCBuildConfiguration;
			buildSettings = {
				CODE_SIGN_ENTITLEMENTS = ZapScreenDeviceActivityMonitor/ZapScreenDeviceActivityMonitor.entitlements;
				CODE_SIGN_STYLE = Automatic;
				CURRENT_PROJECT_VERSION = 1;
				DEVELOPMENT_TEAM = HMN5RUX388;
				GENERATE_INFOPLIST_FILE = YES;
				INFOPLIST_FILE = ZapScreenDeviceActivityMonitor/Info.plist;
				INFOPLIST_KEY_CFBundleDisplayName = ZapScreenDeviceActivityMonitor;
				INFOPLIST_KEY_NSHumanReadableCopyright = "";
				IPHONEOS_DEPLOYMENT_TARGET = 18.0;
				LD_RUNPATH_SEARCH_PATHS = (
					"$(inherited)",
					"@executable_path/Frameworks",
					"@executable_path/../../Frameworks",
				);
				MARKETING_VERSION = 1.0;
				PRODUCT_BUNDLE_IDENTIFIER = com.ntt.ZapScreen.ZapScreenDeviceActivityMonitor;
				PRODUCT_NAME = "$(TARGET_NAME)";
				SKIP_INSTALL = YES;
				SWIFT_EMIT_LOC_STRINGS = YES;
				SWIFT_VERSION = 5.0;
				TARGETED_DEVICE_FAMILY = "1,2";
			};
			name = Debug;
		};
		370EA2D22DB7C333001466A3 /* Release */ = {
			isa = XCBuildConfiguration;
			buildSettings = {
				CODE_SIGN_ENTITLEMENTS = ZapScreenDeviceActivityMonitor/ZapScreenDeviceActivityMonitor.entitlements;
				CODE_SIGN_STYLE = Automatic;
				CURRENT_PROJECT_VERSION = 1;
				DEVELOPMENT_TEAM = HMN5RUX388;
				GENERATE_INFOPLIST_FILE = YES;
				INFOPLIST_FILE = ZapScreenDeviceActivityMonitor/Info.plist;
				INFOPLIST_KEY_CFBundleDisplayName = ZapScreenDeviceActivityMonitor;
				INFOPLIST_KEY_NSHumanReadableCopyright = "";
				IPHONEOS_DEPLOYMENT_TARGET = 18.0;
				LD_RUNPATH_SEARCH_PATHS = (
					"$(inherited)",
					"@executable_path/Frameworks",
					"@executable_path/../../Frameworks",
				);
				MARKETING_VERSION = 1.0;
				PRODUCT_BUNDLE_IDENTIFIER = com.ntt.ZapScreen.ZapScreenDeviceActivityMonitor;
				PRODUCT_NAME = "$(TARGET_NAME)";
				SKIP_INSTALL = YES;
				SWIFT_EMIT_LOC_STRINGS = YES;
				SWIFT_VERSION = 5.0;
				TARGETED_DEVICE_FAMILY = "1,2";
			};
			name = Release;
		};
		371304BD2DB9253D008F1E71 /* Debug */ = {
			isa = XCBuildConfiguration;
			buildSettings = {
				CODE_SIGN_ENTITLEMENTS = ZapScreenShieldConfiguration/ZapScreenShieldConfiguration.entitlements;
				CODE_SIGN_STYLE = Automatic;
				CURRENT_PROJECT_VERSION = 1;
				DEVELOPMENT_TEAM = HMN5RUX388;
				GENERATE_INFOPLIST_FILE = YES;
				INFOPLIST_FILE = ZapScreenShieldConfiguration/Info.plist;
				INFOPLIST_KEY_CFBundleDisplayName = ZapScreenShieldConfiguration;
				INFOPLIST_KEY_NSHumanReadableCopyright = "";
				IPHONEOS_DEPLOYMENT_TARGET = 18.0;
				LD_RUNPATH_SEARCH_PATHS = (
					"$(inherited)",
					"@executable_path/Frameworks",
					"@executable_path/../../Frameworks",
				);
				MARKETING_VERSION = 1.0;
				PRODUCT_BUNDLE_IDENTIFIER = com.ntt.ZapScreen.ZapScreenShieldConfiguration;
				PRODUCT_NAME = "$(TARGET_NAME)";
				SKIP_INSTALL = YES;
				SWIFT_EMIT_LOC_STRINGS = YES;
				SWIFT_VERSION = 5.0;
				TARGETED_DEVICE_FAMILY = "1,2";
			};
			name = Debug;
		};
		371304BE2DB9253D008F1E71 /* Release */ = {
			isa = XCBuildConfiguration;
			buildSettings = {
				CODE_SIGN_ENTITLEMENTS = ZapScreenShieldConfiguration/ZapScreenShieldConfiguration.entitlements;
				CODE_SIGN_STYLE = Automatic;
				CURRENT_PROJECT_VERSION = 1;
				DEVELOPMENT_TEAM = HMN5RUX388;
				GENERATE_INFOPLIST_FILE = YES;
				INFOPLIST_FILE = ZapScreenShieldConfiguration/Info.plist;
				INFOPLIST_KEY_CFBundleDisplayName = ZapScreenShieldConfiguration;
				INFOPLIST_KEY_NSHumanReadableCopyright = "";
				IPHONEOS_DEPLOYMENT_TARGET = 18.0;
				LD_RUNPATH_SEARCH_PATHS = (
					"$(inherited)",
					"@executable_path/Frameworks",
					"@executable_path/../../Frameworks",
				);
				MARKETING_VERSION = 1.0;
				PRODUCT_BUNDLE_IDENTIFIER = com.ntt.ZapScreen.ZapScreenShieldConfiguration;
				PRODUCT_NAME = "$(TARGET_NAME)";
				SKIP_INSTALL = YES;
				SWIFT_EMIT_LOC_STRINGS = YES;
				SWIFT_VERSION = 5.0;
				TARGETED_DEVICE_FAMILY = "1,2";
			};
			name = Release;
		};
/* End XCBuildConfiguration section */

/* Begin XCConfigurationList section */
		370EA19F2DB1DB5D001466A3 /* Build configuration list for PBXProject "ZapScreen" */ = {
			isa = XCConfigurationList;
			buildConfigurations = (
				370EA1B02DB1DB5E001466A3 /* Debug */,
				370EA1B12DB1DB5E001466A3 /* Release */,
			);
			defaultConfigurationIsVisible = 0;
			defaultConfigurationName = Release;
		};
		370EA1B22DB1DB5E001466A3 /* Build configuration list for PBXNativeTarget "ZapScreen" */ = {
			isa = XCConfigurationList;
			buildConfigurations = (
				370EA1B32DB1DB5E001466A3 /* Debug */,
				370EA1B42DB1DB5E001466A3 /* Release */,
			);
			defaultConfigurationIsVisible = 0;
			defaultConfigurationName = Release;
		};
		370EA2AB2DB7C303001466A3 /* Build configuration list for PBXNativeTarget "ZapScreenShieldAction" */ = {
			isa = XCConfigurationList;
			buildConfigurations = (
				370EA2AC2DB7C303001466A3 /* Debug */,
				370EA2AD2DB7C303001466A3 /* Release */,
			);
			defaultConfigurationIsVisible = 0;
			defaultConfigurationName = Release;
		};
		370EA2D02DB7C333001466A3 /* Build configuration list for PBXNativeTarget "ZapScreenDeviceActivityMonitor" */ = {
			isa = XCConfigurationList;
			buildConfigurations = (
				370EA2D12DB7C333001466A3 /* Debug */,
				370EA2D22DB7C333001466A3 /* Release */,
			);
			defaultConfigurationIsVisible = 0;
			defaultConfigurationName = Release;
		};
		371304BC2DB9253D008F1E71 /* Build configuration list for PBXNativeTarget "ZapScreenShieldConfiguration" */ = {
			isa = XCConfigurationList;
			buildConfigurations = (
				371304BD2DB9253D008F1E71 /* Debug */,
				371304BE2DB9253D008F1E71 /* Release */,
			);
			defaultConfigurationIsVisible = 0;
			defaultConfigurationName = Release;
		};
/* End XCConfigurationList section */

/* Begin XCRemoteSwiftPackageReference section */
		378EE8FF2DE894CE00DE463F /* XCRemoteSwiftPackageReference "supabase-swift" */ = {
			isa = XCRemoteSwiftPackageReference;
			repositoryURL = "https://github.com/supabase/supabase-swift.git";
			requirement = {
				kind = upToNextMajorVersion;
				minimumVersion = 2.5.1;
			};
		};
/* End XCRemoteSwiftPackageReference section */

/* Begin XCSwiftPackageProductDependency section */
		378EE9002DE894CE00DE463F /* Auth */ = {
			isa = XCSwiftPackageProductDependency;
			package = 378EE8FF2DE894CE00DE463F /* XCRemoteSwiftPackageReference "supabase-swift" */;
			productName = Auth;
		};
		378EE9022DE894CE00DE463F /* Functions */ = {
			isa = XCSwiftPackageProductDependency;
			package = 378EE8FF2DE894CE00DE463F /* XCRemoteSwiftPackageReference "supabase-swift" */;
			productName = Functions;
		};
		378EE9042DE894CE00DE463F /* PostgREST */ = {
			isa = XCSwiftPackageProductDependency;
			package = 378EE8FF2DE894CE00DE463F /* XCRemoteSwiftPackageReference "supabase-swift" */;
			productName = PostgREST;
		};
		378EE9062DE894CE00DE463F /* Realtime */ = {
			isa = XCSwiftPackageProductDependency;
			package = 378EE8FF2DE894CE00DE463F /* XCRemoteSwiftPackageReference "supabase-swift" */;
			productName = Realtime;
		};
		378EE9082DE894CE00DE463F /* Storage */ = {
			isa = XCSwiftPackageProductDependency;
			package = 378EE8FF2DE894CE00DE463F /* XCRemoteSwiftPackageReference "supabase-swift" */;
			productName = Storage;
		};
		378EE90A2DE894CE00DE463F /* Supabase */ = {
			isa = XCSwiftPackageProductDependency;
			package = 378EE8FF2DE894CE00DE463F /* XCRemoteSwiftPackageReference "supabase-swift" */;
			productName = Supabase;
		};
		379EEA092DE89D0200D9DFF7 /* Auth */ = {
			isa = XCSwiftPackageProductDependency;
			package = 378EE8FF2DE894CE00DE463F /* XCRemoteSwiftPackageReference "supabase-swift" */;
			productName = Auth;
		};
		379EEA0B2DE89D0200D9DFF7 /* Functions */ = {
			isa = XCSwiftPackageProductDependency;
			package = 378EE8FF2DE894CE00DE463F /* XCRemoteSwiftPackageReference "supabase-swift" */;
			productName = Functions;
		};
		379EEA0D2DE89D0200D9DFF7 /* PostgREST */ = {
			isa = XCSwiftPackageProductDependency;
			package = 378EE8FF2DE894CE00DE463F /* XCRemoteSwiftPackageReference "supabase-swift" */;
			productName = PostgREST;
		};
		379EEA0F2DE89D0200D9DFF7 /* Realtime */ = {
			isa = XCSwiftPackageProductDependency;
			package = 378EE8FF2DE894CE00DE463F /* XCRemoteSwiftPackageReference "supabase-swift" */;
			productName = Realtime;
		};
		379EEA112DE89D0200D9DFF7 /* Storage */ = {
			isa = XCSwiftPackageProductDependency;
			package = 378EE8FF2DE894CE00DE463F /* XCRemoteSwiftPackageReference "supabase-swift" */;
			productName = Storage;
		};
		379EEA132DE89D0200D9DFF7 /* Supabase */ = {
			isa = XCSwiftPackageProductDependency;
			package = 378EE8FF2DE894CE00DE463F /* XCRemoteSwiftPackageReference "supabase-swift" */;
			productName = Supabase;
		};
		379EEA152DE89D2200D9DFF7 /* Auth */ = {
			isa = XCSwiftPackageProductDependency;
			package = 378EE8FF2DE894CE00DE463F /* XCRemoteSwiftPackageReference "supabase-swift" */;
			productName = Auth;
		};
		379EEA172DE89D2200D9DFF7 /* Functions */ = {
			isa = XCSwiftPackageProductDependency;
			package = 378EE8FF2DE894CE00DE463F /* XCRemoteSwiftPackageReference "supabase-swift" */;
			productName = Functions;
		};
		379EEA192DE89D2200D9DFF7 /* PostgREST */ = {
			isa = XCSwiftPackageProductDependency;
			package = 378EE8FF2DE894CE00DE463F /* XCRemoteSwiftPackageReference "supabase-swift" */;
			productName = PostgREST;
		};
		379EEA1B2DE89D2200D9DFF7 /* Realtime */ = {
			isa = XCSwiftPackageProductDependency;
			package = 378EE8FF2DE894CE00DE463F /* XCRemoteSwiftPackageReference "supabase-swift" */;
			productName = Realtime;
		};
		379EEA1D2DE89D2200D9DFF7 /* Storage */ = {
			isa = XCSwiftPackageProductDependency;
			package = 378EE8FF2DE894CE00DE463F /* XCRemoteSwiftPackageReference "supabase-swift" */;
			productName = Storage;
		};
		379EEA1F2DE89D2200D9DFF7 /* Supabase */ = {
			isa = XCSwiftPackageProductDependency;
			package = 378EE8FF2DE894CE00DE463F /* XCRemoteSwiftPackageReference "supabase-swift" */;
			productName = Supabase;
		};
		379EEA212DE89D2900D9DFF7 /* Auth */ = {
			isa = XCSwiftPackageProductDependency;
			package = 378EE8FF2DE894CE00DE463F /* XCRemoteSwiftPackageReference "supabase-swift" */;
			productName = Auth;
		};
		379EEA232DE89D2900D9DFF7 /* Functions */ = {
			isa = XCSwiftPackageProductDependency;
			package = 378EE8FF2DE894CE00DE463F /* XCRemoteSwiftPackageReference "supabase-swift" */;
			productName = Functions;
		};
		379EEA252DE89D2900D9DFF7 /* PostgREST */ = {
			isa = XCSwiftPackageProductDependency;
			package = 378EE8FF2DE894CE00DE463F /* XCRemoteSwiftPackageReference "supabase-swift" */;
			productName = PostgREST;
		};
		379EEA272DE89D2900D9DFF7 /* Realtime */ = {
			isa = XCSwiftPackageProductDependency;
			package = 378EE8FF2DE894CE00DE463F /* XCRemoteSwiftPackageReference "supabase-swift" */;
			productName = Realtime;
		};
		379EEA292DE89D2900D9DFF7 /* Storage */ = {
			isa = XCSwiftPackageProductDependency;
			package = 378EE8FF2DE894CE00DE463F /* XCRemoteSwiftPackageReference "supabase-swift" */;
			productName = Storage;
		};
		379EEA2B2DE89D2900D9DFF7 /* Supabase */ = {
			isa = XCSwiftPackageProductDependency;
			package = 378EE8FF2DE894CE00DE463F /* XCRemoteSwiftPackageReference "supabase-swift" */;
			productName = Supabase;
		};
/* End XCSwiftPackageProductDependency section */
	};
	rootObject = 370EA19C2DB1DB5D001466A3 /* Project object */;
}
