// !$*UTF8*$!
{
	archiveVersion = 1;
	classes = {
	};
	objectVersion = 77;
	objects = {

/* Begin PBXBuildFile section */
		370EA2022DB25836001466A3 /* DeviceActivityMonitor.appex in Embed ExtensionKit Extensions */ = {isa = PBXBuildFile; fileRef = 370EA1F62DB25836001466A3 /* DeviceActivityMonitor.appex */; settings = {ATTRIBUTES = (RemoveHeadersOnCopy, ); }; };
		370EA20F2DB25873001466A3 /* ManagedSettings.framework in Frameworks */ = {isa = PBXBuildFile; fileRef = 370EA20E2DB25873001466A3 /* ManagedSettings.framework */; };
		370EA2112DB25873001466A3 /* ManagedSettingsUI.framework in Frameworks */ = {isa = PBXBuildFile; fileRef = 370EA2102DB25873001466A3 /* ManagedSettingsUI.framework */; };
		370EA2192DB25873001466A3 /* ShieldConfiguration.appex in Embed Foundation Extensions */ = {isa = PBXBuildFile; fileRef = 370EA20C2DB25873001466A3 /* ShieldConfiguration.appex */; settings = {ATTRIBUTES = (RemoveHeadersOnCopy, ); }; };
/* End PBXBuildFile section */

/* Begin PBXContainerItemProxy section */
		370EA2002DB25836001466A3 /* PBXContainerItemProxy */ = {
			isa = PBXContainerItemProxy;
			containerPortal = 370EA19C2DB1DB5D001466A3 /* Project object */;
			proxyType = 1;
			remoteGlobalIDString = 370EA1F52DB25836001466A3;
			remoteInfo = DeviceActivityMonitor;
		};
		370EA2172DB25873001466A3 /* PBXContainerItemProxy */ = {
			isa = PBXContainerItemProxy;
			containerPortal = 370EA19C2DB1DB5D001466A3 /* Project object */;
			proxyType = 1;
			remoteGlobalIDString = 370EA20B2DB25873001466A3;
			remoteInfo = ShieldConfiguration;
		};
/* End PBXContainerItemProxy section */

/* Begin PBXCopyFilesBuildPhase section */
		370EA2072DB25836001466A3 /* Embed ExtensionKit Extensions */ = {
			isa = PBXCopyFilesBuildPhase;
			buildActionMask = 2147483647;
			dstPath = "$(EXTENSIONS_FOLDER_PATH)";
			dstSubfolderSpec = 16;
			files = (
				370EA2022DB25836001466A3 /* DeviceActivityMonitor.appex in Embed ExtensionKit Extensions */,
			);
			name = "Embed ExtensionKit Extensions";
			runOnlyForDeploymentPostprocessing = 0;
		};
		370EA21E2DB25873001466A3 /* Embed Foundation Extensions */ = {
			isa = PBXCopyFilesBuildPhase;
			buildActionMask = 2147483647;
			dstPath = "";
			dstSubfolderSpec = 13;
			files = (
				370EA2192DB25873001466A3 /* ShieldConfiguration.appex in Embed Foundation Extensions */,
			);
			name = "Embed Foundation Extensions";
			runOnlyForDeploymentPostprocessing = 0;
		};
/* End PBXCopyFilesBuildPhase section */

/* Begin PBXFileReference section */
		370EA1A42DB1DB5D001466A3 /* ZapScreen.app */ = {isa = PBXFileReference; explicitFileType = wrapper.application; includeInIndex = 0; path = ZapScreen.app; sourceTree = BUILT_PRODUCTS_DIR; };
		370EA1F62DB25836001466A3 /* DeviceActivityMonitor.appex */ = {isa = PBXFileReference; explicitFileType = "wrapper.extensionkit-extension"; includeInIndex = 0; path = DeviceActivityMonitor.appex; sourceTree = BUILT_PRODUCTS_DIR; };
		370EA20C2DB25873001466A3 /* ShieldConfiguration.appex */ = {isa = PBXFileReference; explicitFileType = "wrapper.app-extension"; includeInIndex = 0; path = ShieldConfiguration.appex; sourceTree = BUILT_PRODUCTS_DIR; };
		370EA20E2DB25873001466A3 /* ManagedSettings.framework */ = {isa = PBXFileReference; lastKnownFileType = wrapper.framework; name = ManagedSettings.framework; path = System/Library/Frameworks/ManagedSettings.framework; sourceTree = SDKROOT; };
		370EA2102DB25873001466A3 /* ManagedSettingsUI.framework */ = {isa = PBXFileReference; lastKnownFileType = wrapper.framework; name = ManagedSettingsUI.framework; path = System/Library/Frameworks/ManagedSettingsUI.framework; sourceTree = SDKROOT; };
/* End PBXFileReference section */

/* Begin PBXFileSystemSynchronizedBuildFileExceptionSet section */
		370EA2032DB25836001466A3 /* Exceptions for "DeviceActivityMonitor" folder in "DeviceActivityMonitor" target */ = {
			isa = PBXFileSystemSynchronizedBuildFileExceptionSet;
			membershipExceptions = (
				Info.plist,
			);
			target = 370EA1F52DB25836001466A3 /* DeviceActivityMonitor */;
		};
		370EA21A2DB25873001466A3 /* Exceptions for "ShieldConfiguration" folder in "ShieldConfiguration" target */ = {
			isa = PBXFileSystemSynchronizedBuildFileExceptionSet;
			membershipExceptions = (
				Info.plist,
			);
			target = 370EA20B2DB25873001466A3 /* ShieldConfiguration */;
		};
		370EA2212DB2A93B001466A3 /* Exceptions for "ZapScreen" folder in "ZapScreen" target */ = {
			isa = PBXFileSystemSynchronizedBuildFileExceptionSet;
			membershipExceptions = (
				DeviceActivityMonitor/Info.plist,
				ShieldConfiguration/Info.plist,
			);
			target = 370EA1A32DB1DB5D001466A3 /* ZapScreen */;
		};
/* End PBXFileSystemSynchronizedBuildFileExceptionSet section */

/* Begin PBXFileSystemSynchronizedRootGroup section */
		370EA1A62DB1DB5D001466A3 /* ZapScreen */ = {
			isa = PBXFileSystemSynchronizedRootGroup;
			exceptions = (
				370EA2212DB2A93B001466A3 /* Exceptions for "ZapScreen" folder in "ZapScreen" target */,
			);
			path = ZapScreen;
			sourceTree = "<group>";
		};
		370EA1F72DB25836001466A3 /* DeviceActivityMonitor */ = {
			isa = PBXFileSystemSynchronizedRootGroup;
			exceptions = (
				370EA2032DB25836001466A3 /* Exceptions for "DeviceActivityMonitor" folder in "DeviceActivityMonitor" target */,
			);
			path = DeviceActivityMonitor;
			sourceTree = "<group>";
		};
		370EA2122DB25873001466A3 /* ShieldConfiguration */ = {
			isa = PBXFileSystemSynchronizedRootGroup;
			exceptions = (
				370EA21A2DB25873001466A3 /* Exceptions for "ShieldConfiguration" folder in "ShieldConfiguration" target */,
			);
			path = ShieldConfiguration;
			sourceTree = "<group>";
		};
/* End PBXFileSystemSynchronizedRootGroup section */

/* Begin PBXFrameworksBuildPhase section */
		370EA1A12DB1DB5D001466A3 /* Frameworks */ = {
			isa = PBXFrameworksBuildPhase;
			buildActionMask = 2147483647;
			files = (
			);
			runOnlyForDeploymentPostprocessing = 0;
		};
		370EA1F32DB25836001466A3 /* Frameworks */ = {
			isa = PBXFrameworksBuildPhase;
			buildActionMask = 2147483647;
			files = (
			);
			runOnlyForDeploymentPostprocessing = 0;
		};
		370EA2092DB25873001466A3 /* Frameworks */ = {
			isa = PBXFrameworksBuildPhase;
			buildActionMask = 2147483647;
			files = (
				370EA20F2DB25873001466A3 /* ManagedSettings.framework in Frameworks */,
				370EA2112DB25873001466A3 /* ManagedSettingsUI.framework in Frameworks */,
			);
			runOnlyForDeploymentPostprocessing = 0;
		};
/* End PBXFrameworksBuildPhase section */

/* Begin PBXGroup section */
		370EA19B2DB1DB5D001466A3 = {
			isa = PBXGroup;
			children = (
				370EA1A62DB1DB5D001466A3 /* ZapScreen */,
				370EA1F72DB25836001466A3 /* DeviceActivityMonitor */,
				370EA2122DB25873001466A3 /* ShieldConfiguration */,
				370EA20D2DB25873001466A3 /* Frameworks */,
				370EA1A52DB1DB5D001466A3 /* Products */,
			);
			sourceTree = "<group>";
		};
		370EA1A52DB1DB5D001466A3 /* Products */ = {
			isa = PBXGroup;
			children = (
				370EA1A42DB1DB5D001466A3 /* ZapScreen.app */,
				370EA1F62DB25836001466A3 /* DeviceActivityMonitor.appex */,
				370EA20C2DB25873001466A3 /* ShieldConfiguration.appex */,
			);
			name = Products;
			sourceTree = "<group>";
		};
		370EA20D2DB25873001466A3 /* Frameworks */ = {
			isa = PBXGroup;
			children = (
				370EA20E2DB25873001466A3 /* ManagedSettings.framework */,
				370EA2102DB25873001466A3 /* ManagedSettingsUI.framework */,
			);
			name = Frameworks;
			sourceTree = "<group>";
		};
/* End PBXGroup section */

/* Begin PBXNativeTarget section */
		370EA1A32DB1DB5D001466A3 /* ZapScreen */ = {
			isa = PBXNativeTarget;
			buildConfigurationList = 370EA1B22DB1DB5E001466A3 /* Build configuration list for PBXNativeTarget "ZapScreen" */;
			buildPhases = (
				370EA1A02DB1DB5D001466A3 /* Sources */,
				370EA1A12DB1DB5D001466A3 /* Frameworks */,
				370EA1A22DB1DB5D001466A3 /* Resources */,
				370EA2072DB25836001466A3 /* Embed ExtensionKit Extensions */,
				370EA21E2DB25873001466A3 /* Embed Foundation Extensions */,
			);
			buildRules = (
			);
			dependencies = (
				370EA2012DB25836001466A3 /* PBXTargetDependency */,
				370EA2182DB25873001466A3 /* PBXTargetDependency */,
			);
			fileSystemSynchronizedGroups = (
				370EA1A62DB1DB5D001466A3 /* ZapScreen */,
			);
			name = ZapScreen;
			packageProductDependencies = (
			);
			productName = ZapScreen;
			productReference = 370EA1A42DB1DB5D001466A3 /* ZapScreen.app */;
			productType = "com.apple.product-type.application";
		};
		370EA1F52DB25836001466A3 /* DeviceActivityMonitor */ = {
			isa = PBXNativeTarget;
			buildConfigurationList = 370EA2042DB25836001466A3 /* Build configuration list for PBXNativeTarget "DeviceActivityMonitor" */;
			buildPhases = (
				370EA1F22DB25836001466A3 /* Sources */,
				370EA1F32DB25836001466A3 /* Frameworks */,
				370EA1F42DB25836001466A3 /* Resources */,
			);
			buildRules = (
			);
			dependencies = (
			);
			fileSystemSynchronizedGroups = (
				370EA1F72DB25836001466A3 /* DeviceActivityMonitor */,
			);
			name = DeviceActivityMonitor;
			packageProductDependencies = (
			);
			productName = DeviceActivityMonitor;
			productReference = 370EA1F62DB25836001466A3 /* DeviceActivityMonitor.appex */;
			productType = "com.apple.product-type.extensionkit-extension";
		};
		370EA20B2DB25873001466A3 /* ShieldConfiguration */ = {
			isa = PBXNativeTarget;
			buildConfigurationList = 370EA21B2DB25873001466A3 /* Build configuration list for PBXNativeTarget "ShieldConfiguration" */;
			buildPhases = (
				370EA2082DB25873001466A3 /* Sources */,
				370EA2092DB25873001466A3 /* Frameworks */,
				370EA20A2DB25873001466A3 /* Resources */,
			);
			buildRules = (
			);
			dependencies = (
			);
			fileSystemSynchronizedGroups = (
				370EA2122DB25873001466A3 /* ShieldConfiguration */,
			);
			name = ShieldConfiguration;
			packageProductDependencies = (
			);
			productName = ShieldConfiguration;
			productReference = 370EA20C2DB25873001466A3 /* ShieldConfiguration.appex */;
			productType = "com.apple.product-type.app-extension";
		};
/* End PBXNativeTarget section */

/* Begin PBXProject section */
		370EA19C2DB1DB5D001466A3 /* Project object */ = {
			isa = PBXProject;
			attributes = {
				BuildIndependentTargetsInParallel = 1;
				LastSwiftUpdateCheck = 1620;
				LastUpgradeCheck = 1620;
				TargetAttributes = {
					370EA1A32DB1DB5D001466A3 = {
						CreatedOnToolsVersion = 16.2;
					};
					370EA1F52DB25836001466A3 = {
						CreatedOnToolsVersion = 16.2;
					};
					370EA20B2DB25873001466A3 = {
						CreatedOnToolsVersion = 16.2;
					};
				};
			};
			buildConfigurationList = 370EA19F2DB1DB5D001466A3 /* Build configuration list for PBXProject "ZapScreen" */;
			developmentRegion = en;
			hasScannedForEncodings = 0;
			knownRegions = (
				en,
				Base,
			);
			mainGroup = 370EA19B2DB1DB5D001466A3;
			minimizedProjectReferenceProxies = 1;
			preferredProjectObjectVersion = 77;
			productRefGroup = 370EA1A52DB1DB5D001466A3 /* Products */;
			projectDirPath = "";
			projectRoot = "";
			targets = (
				370EA1A32DB1DB5D001466A3 /* ZapScreen */,
				370EA1F52DB25836001466A3 /* DeviceActivityMonitor */,
				370EA20B2DB25873001466A3 /* ShieldConfiguration */,
			);
		};
/* End PBXProject section */

/* Begin PBXResourcesBuildPhase section */
		370EA1A22DB1DB5D001466A3 /* Resources */ = {
			isa = PBXResourcesBuildPhase;
			buildActionMask = 2147483647;
			files = (
			);
			runOnlyForDeploymentPostprocessing = 0;
		};
		370EA1F42DB25836001466A3 /* Resources */ = {
			isa = PBXResourcesBuildPhase;
			buildActionMask = 2147483647;
			files = (
			);
			runOnlyForDeploymentPostprocessing = 0;
		};
		370EA20A2DB25873001466A3 /* Resources */ = {
			isa = PBXResourcesBuildPhase;
			buildActionMask = 2147483647;
			files = (
			);
			runOnlyForDeploymentPostprocessing = 0;
		};
/* End PBXResourcesBuildPhase section */

/* Begin PBXSourcesBuildPhase section */
		370EA1A02DB1DB5D001466A3 /* Sources */ = {
			isa = PBXSourcesBuildPhase;
			buildActionMask = 2147483647;
			files = (
			);
			runOnlyForDeploymentPostprocessing = 0;
		};
		370EA1F22DB25836001466A3 /* Sources */ = {
			isa = PBXSourcesBuildPhase;
			buildActionMask = 2147483647;
			files = (
			);
			runOnlyForDeploymentPostprocessing = 0;
		};
		370EA2082DB25873001466A3 /* Sources */ = {
			isa = PBXSourcesBuildPhase;
			buildActionMask = 2147483647;
			files = (
			);
			runOnlyForDeploymentPostprocessing = 0;
		};
/* End PBXSourcesBuildPhase section */

/* Begin PBXTargetDependency section */
		370EA2012DB25836001466A3 /* PBXTargetDependency */ = {
			isa = PBXTargetDependency;
			target = 370EA1F52DB25836001466A3 /* DeviceActivityMonitor */;
			targetProxy = 370EA2002DB25836001466A3 /* PBXContainerItemProxy */;
		};
		370EA2182DB25873001466A3 /* PBXTargetDependency */ = {
			isa = PBXTargetDependency;
			target = 370EA20B2DB25873001466A3 /* ShieldConfiguration */;
			targetProxy = 370EA2172DB25873001466A3 /* PBXContainerItemProxy */;
		};
/* End PBXTargetDependency section */

/* Begin XCBuildConfiguration section */
		370EA1B02DB1DB5E001466A3 /* Debug */ = {
			isa = XCBuildConfiguration;
			buildSettings = {
				ALWAYS_SEARCH_USER_PATHS = NO;
				ASSETCATALOG_COMPILER_GENERATE_SWIFT_ASSET_SYMBOL_EXTENSIONS = YES;
				CLANG_ANALYZER_NONNULL = YES;
				CLANG_ANALYZER_NUMBER_OBJECT_CONVERSION = YES_AGGRESSIVE;
				CLANG_CXX_LANGUAGE_STANDARD = "gnu++20";
				CLANG_ENABLE_MODULES = YES;
				CLANG_ENABLE_OBJC_ARC = YES;
				CLANG_ENABLE_OBJC_WEAK = YES;
				CLANG_WARN_BLOCK_CAPTURE_AUTORELEASING = YES;
				CLANG_WARN_BOOL_CONVERSION = YES;
				CLANG_WARN_COMMA = YES;
				CLANG_WARN_CONSTANT_CONVERSION = YES;
				CLANG_WARN_DEPRECATED_OBJC_IMPLEMENTATIONS = YES;
				CLANG_WARN_DIRECT_OBJC_ISA_USAGE = YES_ERROR;
				CLANG_WARN_DOCUMENTATION_COMMENTS = YES;
				CLANG_WARN_EMPTY_BODY = YES;
				CLANG_WARN_ENUM_CONVERSION = YES;
				CLANG_WARN_INFINITE_RECURSION = YES;
				CLANG_WARN_INT_CONVERSION = YES;
				CLANG_WARN_NON_LITERAL_NULL_CONVERSION = YES;
				CLANG_WARN_OBJC_IMPLICIT_RETAIN_SELF = YES;
				CLANG_WARN_OBJC_LITERAL_CONVERSION = YES;
				CLANG_WARN_OBJC_ROOT_CLASS = YES_ERROR;
				CLANG_WARN_QUOTED_INCLUDE_IN_FRAMEWORK_HEADER = YES;
				CLANG_WARN_RANGE_LOOP_ANALYSIS = YES;
				CLANG_WARN_STRICT_PROTOTYPES = YES;
				CLANG_WARN_SUSPICIOUS_MOVE = YES;
				CLANG_WARN_UNGUARDED_AVAILABILITY = YES_AGGRESSIVE;
				CLANG_WARN_UNREACHABLE_CODE = YES;
				CLANG_WARN__DUPLICATE_METHOD_MATCH = YES;
				COPY_PHASE_STRIP = NO;
				DEBUG_INFORMATION_FORMAT = dwarf;
				ENABLE_STRICT_OBJC_MSGSEND = YES;
				ENABLE_TESTABILITY = YES;
				ENABLE_USER_SCRIPT_SANDBOXING = YES;
				GCC_C_LANGUAGE_STANDARD = gnu17;
				GCC_DYNAMIC_NO_PIC = NO;
				GCC_NO_COMMON_BLOCKS = YES;
				GCC_OPTIMIZATION_LEVEL = 0;
				GCC_PREPROCESSOR_DEFINITIONS = (
					"DEBUG=1",
					"$(inherited)",
				);
				GCC_WARN_64_TO_32_BIT_CONVERSION = YES;
				GCC_WARN_ABOUT_RETURN_TYPE = YES_ERROR;
				GCC_WARN_UNDECLARED_SELECTOR = YES;
				GCC_WARN_UNINITIALIZED_AUTOS = YES_AGGRESSIVE;
				GCC_WARN_UNUSED_FUNCTION = YES;
				GCC_WARN_UNUSED_VARIABLE = YES;
				IPHONEOS_DEPLOYMENT_TARGET = 18.2;
				LOCALIZATION_PREFERS_STRING_CATALOGS = YES;
				MTL_ENABLE_DEBUG_INFO = INCLUDE_SOURCE;
				MTL_FAST_MATH = YES;
				ONLY_ACTIVE_ARCH = YES;
				SDKROOT = iphoneos;
				SWIFT_ACTIVE_COMPILATION_CONDITIONS = "DEBUG $(inherited)";
				SWIFT_OPTIMIZATION_LEVEL = "-Onone";
			};
			name = Debug;
		};
		370EA1B12DB1DB5E001466A3 /* Release */ = {
			isa = XCBuildConfiguration;
			buildSettings = {
				ALWAYS_SEARCH_USER_PATHS = NO;
				ASSETCATALOG_COMPILER_GENERATE_SWIFT_ASSET_SYMBOL_EXTENSIONS = YES;
				CLANG_ANALYZER_NONNULL = YES;
				CLANG_ANALYZER_NUMBER_OBJECT_CONVERSION = YES_AGGRESSIVE;
				CLANG_CXX_LANGUAGE_STANDARD = "gnu++20";
				CLANG_ENABLE_MODULES = YES;
				CLANG_ENABLE_OBJC_ARC = YES;
				CLANG_ENABLE_OBJC_WEAK = YES;
				CLANG_WARN_BLOCK_CAPTURE_AUTORELEASING = YES;
				CLANG_WARN_BOOL_CONVERSION = YES;
				CLANG_WARN_COMMA = YES;
				CLANG_WARN_CONSTANT_CONVERSION = YES;
				CLANG_WARN_DEPRECATED_OBJC_IMPLEMENTATIONS = YES;
				CLANG_WARN_DIRECT_OBJC_ISA_USAGE = YES_ERROR;
				CLANG_WARN_DOCUMENTATION_COMMENTS = YES;
				CLANG_WARN_EMPTY_BODY = YES;
				CLANG_WARN_ENUM_CONVERSION = YES;
				CLANG_WARN_INFINITE_RECURSION = YES;
				CLANG_WARN_INT_CONVERSION = YES;
				CLANG_WARN_NON_LITERAL_NULL_CONVERSION = YES;
				CLANG_WARN_OBJC_IMPLICIT_RETAIN_SELF = YES;
				CLANG_WARN_OBJC_LITERAL_CONVERSION = YES;
				CLANG_WARN_OBJC_ROOT_CLASS = YES_ERROR;
				CLANG_WARN_QUOTED_INCLUDE_IN_FRAMEWORK_HEADER = YES;
				CLANG_WARN_RANGE_LOOP_ANALYSIS = YES;
				CLANG_WARN_STRICT_PROTOTYPES = YES;
				CLANG_WARN_SUSPICIOUS_MOVE = YES;
				CLANG_WARN_UNGUARDED_AVAILABILITY = YES_AGGRESSIVE;
				CLANG_WARN_UNREACHABLE_CODE = YES;
				CLANG_WARN__DUPLICATE_METHOD_MATCH = YES;
				COPY_PHASE_STRIP = NO;
				DEBUG_INFORMATION_FORMAT = "dwarf-with-dsym";
				ENABLE_NS_ASSERTIONS = NO;
				ENABLE_STRICT_OBJC_MSGSEND = YES;
				ENABLE_USER_SCRIPT_SANDBOXING = YES;
				GCC_C_LANGUAGE_STANDARD = gnu17;
				GCC_NO_COMMON_BLOCKS = YES;
				GCC_WARN_64_TO_32_BIT_CONVERSION = YES;
				GCC_WARN_ABOUT_RETURN_TYPE = YES_ERROR;
				GCC_WARN_UNDECLARED_SELECTOR = YES;
				GCC_WARN_UNINITIALIZED_AUTOS = YES_AGGRESSIVE;
				GCC_WARN_UNUSED_FUNCTION = YES;
				GCC_WARN_UNUSED_VARIABLE = YES;
				IPHONEOS_DEPLOYMENT_TARGET = 18.2;
				LOCALIZATION_PREFERS_STRING_CATALOGS = YES;
				MTL_ENABLE_DEBUG_INFO = NO;
				MTL_FAST_MATH = YES;
				SDKROOT = iphoneos;
				SWIFT_COMPILATION_MODE = wholemodule;
				VALIDATE_PRODUCT = YES;
			};
			name = Release;
		};
		370EA1B32DB1DB5E001466A3 /* Debug */ = {
			isa = XCBuildConfiguration;
			buildSettings = {
				ASSETCATALOG_COMPILER_APPICON_NAME = AppIcon;
				ASSETCATALOG_COMPILER_GLOBAL_ACCENT_COLOR_NAME = AccentColor;
				CODE_SIGN_ENTITLEMENTS = ZapScreen/ZapScreen.entitlements;
				CODE_SIGN_STYLE = Automatic;
				CURRENT_PROJECT_VERSION = 1;
				DEVELOPMENT_ASSET_PATHS = "\"ZapScreen/Preview Content\"";
				DEVELOPMENT_TEAM = HMN5RUX388;
				ENABLE_PREVIEWS = YES;
				GENERATE_INFOPLIST_FILE = YES;
				INFOPLIST_FILE = "ZapScreen/ZapScreen-Info.plist";
				INFOPLIST_KEY_UIApplicationSceneManifest_Generation = YES;
				INFOPLIST_KEY_UIApplicationSupportsIndirectInputEvents = YES;
				INFOPLIST_KEY_UILaunchScreen_Generation = YES;
				INFOPLIST_KEY_UISupportedInterfaceOrientations_iPad = "UIInterfaceOrientationPortrait UIInterfaceOrientationPortraitUpsideDown UIInterfaceOrientationLandscapeLeft UIInterfaceOrientationLandscapeRight";
				INFOPLIST_KEY_UISupportedInterfaceOrientations_iPhone = "UIInterfaceOrientationPortrait UIInterfaceOrientationLandscapeLeft UIInterfaceOrientationLandscapeRight";
				IPHONEOS_DEPLOYMENT_TARGET = 17.6;
				LD_RUNPATH_SEARCH_PATHS = (
					"$(inherited)",
					"@executable_path/Frameworks",
				);
				MARKETING_VERSION = 1.0;
				PRODUCT_BUNDLE_IDENTIFIER = com.ntt.ZapScreen;
				PRODUCT_NAME = "$(TARGET_NAME)";
				SWIFT_EMIT_LOC_STRINGS = YES;
				SWIFT_VERSION = 5.0;
				TARGETED_DEVICE_FAMILY = "1,2";
			};
			name = Debug;
		};
		370EA1B42DB1DB5E001466A3 /* Release */ = {
			isa = XCBuildConfiguration;
			buildSettings = {
				ASSETCATALOG_COMPILER_APPICON_NAME = AppIcon;
				ASSETCATALOG_COMPILER_GLOBAL_ACCENT_COLOR_NAME = AccentColor;
				CODE_SIGN_ENTITLEMENTS = ZapScreen/ZapScreen.entitlements;
				CODE_SIGN_STYLE = Automatic;
				CURRENT_PROJECT_VERSION = 1;
				DEVELOPMENT_ASSET_PATHS = "\"ZapScreen/Preview Content\"";
				DEVELOPMENT_TEAM = HMN5RUX388;
				ENABLE_PREVIEWS = YES;
				GENERATE_INFOPLIST_FILE = YES;
				INFOPLIST_FILE = "ZapScreen/ZapScreen-Info.plist";
				INFOPLIST_KEY_UIApplicationSceneManifest_Generation = YES;
				INFOPLIST_KEY_UIApplicationSupportsIndirectInputEvents = YES;
				INFOPLIST_KEY_UILaunchScreen_Generation = YES;
				INFOPLIST_KEY_UISupportedInterfaceOrientations_iPad = "UIInterfaceOrientationPortrait UIInterfaceOrientationPortraitUpsideDown UIInterfaceOrientationLandscapeLeft UIInterfaceOrientationLandscapeRight";
				INFOPLIST_KEY_UISupportedInterfaceOrientations_iPhone = "UIInterfaceOrientationPortrait UIInterfaceOrientationLandscapeLeft UIInterfaceOrientationLandscapeRight";
				IPHONEOS_DEPLOYMENT_TARGET = 17.6;
				LD_RUNPATH_SEARCH_PATHS = (
					"$(inherited)",
					"@executable_path/Frameworks",
				);
				MARKETING_VERSION = 1.0;
				PRODUCT_BUNDLE_IDENTIFIER = com.ntt.ZapScreen;
				PRODUCT_NAME = "$(TARGET_NAME)";
				SWIFT_EMIT_LOC_STRINGS = YES;
				SWIFT_VERSION = 5.0;
				TARGETED_DEVICE_FAMILY = "1,2";
			};
			name = Release;
		};
		370EA2052DB25836001466A3 /* Debug */ = {
			isa = XCBuildConfiguration;
			buildSettings = {
				CODE_SIGN_ENTITLEMENTS = DeviceActivityMonitor/DeviceActivityMonitor.entitlements;
				CODE_SIGN_STYLE = Automatic;
				CURRENT_PROJECT_VERSION = 1;
				DEVELOPMENT_TEAM = HMN5RUX388;
				GENERATE_INFOPLIST_FILE = YES;
				INFOPLIST_FILE = DeviceActivityMonitor/Info.plist;
				INFOPLIST_KEY_CFBundleDisplayName = DeviceActivityMonitor;
				INFOPLIST_KEY_NSHumanReadableCopyright = "";
				LD_RUNPATH_SEARCH_PATHS = (
					"$(inherited)",
					"@executable_path/Frameworks",
					"@executable_path/../../Frameworks",
				);
				MARKETING_VERSION = 1.0;
				PRODUCT_BUNDLE_IDENTIFIER = com.ntt.ZapScreen.DeviceActivityMonitor;
				PRODUCT_NAME = "$(TARGET_NAME)";
				SKIP_INSTALL = YES;
				SWIFT_EMIT_LOC_STRINGS = YES;
				SWIFT_VERSION = 5.0;
				TARGETED_DEVICE_FAMILY = "1,2";
			};
			name = Debug;
		};
		370EA2062DB25836001466A3 /* Release */ = {
			isa = XCBuildConfiguration;
			buildSettings = {
				CODE_SIGN_ENTITLEMENTS = DeviceActivityMonitor/DeviceActivityMonitor.entitlements;
				CODE_SIGN_STYLE = Automatic;
				CURRENT_PROJECT_VERSION = 1;
				DEVELOPMENT_TEAM = HMN5RUX388;
				GENERATE_INFOPLIST_FILE = YES;
				INFOPLIST_FILE = DeviceActivityMonitor/Info.plist;
				INFOPLIST_KEY_CFBundleDisplayName = DeviceActivityMonitor;
				INFOPLIST_KEY_NSHumanReadableCopyright = "";
				LD_RUNPATH_SEARCH_PATHS = (
					"$(inherited)",
					"@executable_path/Frameworks",
					"@executable_path/../../Frameworks",
				);
				MARKETING_VERSION = 1.0;
				PRODUCT_BUNDLE_IDENTIFIER = com.ntt.ZapScreen.DeviceActivityMonitor;
				PRODUCT_NAME = "$(TARGET_NAME)";
				SKIP_INSTALL = YES;
				SWIFT_EMIT_LOC_STRINGS = YES;
				SWIFT_VERSION = 5.0;
				TARGETED_DEVICE_FAMILY = "1,2";
			};
			name = Release;
		};
		370EA21C2DB25873001466A3 /* Debug */ = {
			isa = XCBuildConfiguration;
			buildSettings = {
				CODE_SIGN_ENTITLEMENTS = ShieldConfiguration/ShieldConfiguration.entitlements;
				CODE_SIGN_STYLE = Automatic;
				CURRENT_PROJECT_VERSION = 1;
				DEVELOPMENT_TEAM = HMN5RUX388;
				GENERATE_INFOPLIST_FILE = YES;
				INFOPLIST_FILE = ShieldConfiguration/Info.plist;
				INFOPLIST_KEY_CFBundleDisplayName = ShieldConfiguration;
				INFOPLIST_KEY_NSHumanReadableCopyright = "";
				LD_RUNPATH_SEARCH_PATHS = (
					"$(inherited)",
					"@executable_path/Frameworks",
					"@executable_path/../../Frameworks",
				);
				MARKETING_VERSION = 1.0;
				PRODUCT_BUNDLE_IDENTIFIER = com.ntt.ZapScreen.ShieldConfiguration;
				PRODUCT_NAME = "$(TARGET_NAME)";
				SKIP_INSTALL = YES;
				SWIFT_EMIT_LOC_STRINGS = YES;
				SWIFT_VERSION = 5.0;
				TARGETED_DEVICE_FAMILY = "1,2";
			};
			name = Debug;
		};
		370EA21D2DB25873001466A3 /* Release */ = {
			isa = XCBuildConfiguration;
			buildSettings = {
				CODE_SIGN_ENTITLEMENTS = ShieldConfiguration/ShieldConfiguration.entitlements;
				CODE_SIGN_STYLE = Automatic;
				CURRENT_PROJECT_VERSION = 1;
				DEVELOPMENT_TEAM = HMN5RUX388;
				GENERATE_INFOPLIST_FILE = YES;
				INFOPLIST_FILE = ShieldConfiguration/Info.plist;
				INFOPLIST_KEY_CFBundleDisplayName = ShieldConfiguration;
				INFOPLIST_KEY_NSHumanReadableCopyright = "";
				LD_RUNPATH_SEARCH_PATHS = (
					"$(inherited)",
					"@executable_path/Frameworks",
					"@executable_path/../../Frameworks",
				);
				MARKETING_VERSION = 1.0;
				PRODUCT_BUNDLE_IDENTIFIER = com.ntt.ZapScreen.ShieldConfiguration;
				PRODUCT_NAME = "$(TARGET_NAME)";
				SKIP_INSTALL = YES;
				SWIFT_EMIT_LOC_STRINGS = YES;
				SWIFT_VERSION = 5.0;
				TARGETED_DEVICE_FAMILY = "1,2";
			};
			name = Release;
		};
/* End XCBuildConfiguration section */

/* Begin XCConfigurationList section */
		370EA19F2DB1DB5D001466A3 /* Build configuration list for PBXProject "ZapScreen" */ = {
			isa = XCConfigurationList;
			buildConfigurations = (
				370EA1B02DB1DB5E001466A3 /* Debug */,
				370EA1B12DB1DB5E001466A3 /* Release */,
			);
			defaultConfigurationIsVisible = 0;
			defaultConfigurationName = Release;
		};
		370EA1B22DB1DB5E001466A3 /* Build configuration list for PBXNativeTarget "ZapScreen" */ = {
			isa = XCConfigurationList;
			buildConfigurations = (
				370EA1B32DB1DB5E001466A3 /* Debug */,
				370EA1B42DB1DB5E001466A3 /* Release */,
			);
			defaultConfigurationIsVisible = 0;
			defaultConfigurationName = Release;
		};
		370EA2042DB25836001466A3 /* Build configuration list for PBXNativeTarget "DeviceActivityMonitor" */ = {
			isa = XCConfigurationList;
			buildConfigurations = (
				370EA2052DB25836001466A3 /* Debug */,
				370EA2062DB25836001466A3 /* Release */,
			);
			defaultConfigurationIsVisible = 0;
			defaultConfigurationName = Release;
		};
		370EA21B2DB25873001466A3 /* Build configuration list for PBXNativeTarget "ShieldConfiguration" */ = {
			isa = XCConfigurationList;
			buildConfigurations = (
				370EA21C2DB25873001466A3 /* Debug */,
				370EA21D2DB25873001466A3 /* Release */,
			);
			defaultConfigurationIsVisible = 0;
			defaultConfigurationName = Release;
		};
/* End XCConfigurationList section */
	};
	rootObject = 370EA19C2DB1DB5D001466A3 /* Project object */;
}
